// !$*UTF8*$!
{
	archiveVersion = 1;
	classes = {
	};
	objectVersion = 50;
	objects = {

/* Begin PBXBuildFile section */
		CA94986323EDAE4700E5A280 /* MergeList.c in Sources */ = {isa = PBXBuildFile; fileRef = CA94986223EDAE4700E5A280 /* MergeList.c */; };
		CAA5061023EB0F670013C97D /* main.m in Sources */ = {isa = PBXBuildFile; fileRef = CAA5060F23EB0F670013C97D /* main.m */; };
		CAA5061823EB0FA50013C97D /* PublicClass.m in Sources */ = {isa = PBXBuildFile; fileRef = CAA5061723EB0FA50013C97D /* PublicClass.m */; };
		CAA5061B23EC69EA0013C97D /* ArrayQuestion.c in Sources */ = {isa = PBXBuildFile; fileRef = CAA5061A23EC69EA0013C97D /* ArrayQuestion.c */; };
/* End PBXBuildFile section */

/* Begin PBXCopyFilesBuildPhase section */
		CAA5060A23EB0F670013C97D /* CopyFiles */ = {
			isa = PBXCopyFilesBuildPhase;
			buildActionMask = 2147483647;
			dstPath = /usr/share/man/man1/;
			dstSubfolderSpec = 0;
			files = (
			);
			runOnlyForDeploymentPostprocessing = 1;
		};
/* End PBXCopyFilesBuildPhase section */

/* Begin PBXFileReference section */
		CA94986123EDAE4700E5A280 /* MergeList.h */ = {isa = PBXFileReference; lastKnownFileType = sourcecode.c.h; path = MergeList.h; sourceTree = "<group>"; };
		CA94986223EDAE4700E5A280 /* MergeList.c */ = {isa = PBXFileReference; lastKnownFileType = sourcecode.c.c; path = MergeList.c; sourceTree = "<group>"; };
		CAA5060C23EB0F670013C97D /* LeetCodeQuestion */ = {isa = PBXFileReference; explicitFileType = "compiled.mach-o.executable"; includeInIndex = 0; path = LeetCodeQuestion; sourceTree = BUILT_PRODUCTS_DIR; };
		CAA5060F23EB0F670013C97D /* main.m */ = {isa = PBXFileReference; lastKnownFileType = sourcecode.c.objc; path = main.m; sourceTree = "<group>"; };
		CAA5061623EB0FA50013C97D /* PublicClass.h */ = {isa = PBXFileReference; lastKnownFileType = sourcecode.c.h; path = PublicClass.h; sourceTree = "<group>"; };
		CAA5061723EB0FA50013C97D /* PublicClass.m */ = {isa = PBXFileReference; lastKnownFileType = sourcecode.c.objc; path = PublicClass.m; sourceTree = "<group>"; };
		CAA5061923EC69EA0013C97D /* ArrayQuestion.h */ = {isa = PBXFileReference; lastKnownFileType = sourcecode.c.h; path = ArrayQuestion.h; sourceTree = "<group>"; };
		CAA5061A23EC69EA0013C97D /* ArrayQuestion.c */ = {isa = PBXFileReference; lastKnownFileType = sourcecode.c.c; path = ArrayQuestion.c; sourceTree = "<group>"; };
/* End PBXFileReference section */

/* Begin PBXFrameworksBuildPhase section */
		CAA5060923EB0F670013C97D /* Frameworks */ = {
			isa = PBXFrameworksBuildPhase;
			buildActionMask = 2147483647;
			files = (
			);
			runOnlyForDeploymentPostprocessing = 0;
		};
/* End PBXFrameworksBuildPhase section */

/* Begin PBXGroup section */
		CAA5060323EB0F670013C97D = {
			isa = PBXGroup;
			children = (
				CAA5060E23EB0F670013C97D /* LeetCodeQuestion */,
				CAA5060D23EB0F670013C97D /* Products */,
			);
			sourceTree = "<group>";
		};
		CAA5060D23EB0F670013C97D /* Products */ = {
			isa = PBXGroup;
			children = (
				CAA5060C23EB0F670013C97D /* LeetCodeQuestion */,
			);
			name = Products;
			sourceTree = "<group>";
		};
		CAA5060E23EB0F670013C97D /* LeetCodeQuestion */ = {
			isa = PBXGroup;
			children = (
				CAA5060F23EB0F670013C97D /* main.m */,
				CAA5061623EB0FA50013C97D /* PublicClass.h */,
				CAA5061723EB0FA50013C97D /* PublicClass.m */,
				CAA5061923EC69EA0013C97D /* ArrayQuestion.h */,
				CAA5061A23EC69EA0013C97D /* ArrayQuestion.c */,
				CA94986123EDAE4700E5A280 /* MergeList.h */,
				CA94986223EDAE4700E5A280 /* MergeList.c */,
			);
			path = LeetCodeQuestion;
			sourceTree = "<group>";
		};
/* End PBXGroup section */

/* Begin PBXNativeTarget section */
		CAA5060B23EB0F670013C97D /* LeetCodeQuestion */ = {
			isa = PBXNativeTarget;
			buildConfigurationList = CAA5061323EB0F670013C97D /* Build configuration list for PBXNativeTarget "LeetCodeQuestion" */;
			buildPhases = (
				CAA5060823EB0F670013C97D /* Sources */,
				CAA5060923EB0F670013C97D /* Frameworks */,
				CAA5060A23EB0F670013C97D /* CopyFiles */,
			);
			buildRules = (
			);
			dependencies = (
			);
			name = LeetCodeQuestion;
			productName = LeetCodeQuestion;
			productReference = CAA5060C23EB0F670013C97D /* LeetCodeQuestion */;
			productType = "com.apple.product-type.tool";
		};
/* End PBXNativeTarget section */

/* Begin PBXProject section */
		CAA5060423EB0F670013C97D /* Project object */ = {
			isa = PBXProject;
			attributes = {
				LastUpgradeCheck = 1030;
				ORGANIZATIONNAME = navinfo;
				TargetAttributes = {
					CAA5060B23EB0F670013C97D = {
						CreatedOnToolsVersion = 10.3;
					};
				};
			};
			buildConfigurationList = CAA5060723EB0F670013C97D /* Build configuration list for PBXProject "LeetCodeQuestion" */;
			compatibilityVersion = "Xcode 9.3";
			developmentRegion = en;
			hasScannedForEncodings = 0;
			knownRegions = (
				en,
			);
			mainGroup = CAA5060323EB0F670013C97D;
			productRefGroup = CAA5060D23EB0F670013C97D /* Products */;
			projectDirPath = "";
			projectRoot = "";
			targets = (
				CAA5060B23EB0F670013C97D /* LeetCodeQuestion */,
			);
		};
/* End PBXProject section */

/* Begin PBXSourcesBuildPhase section */
		CAA5060823EB0F670013C97D /* Sources */ = {
			isa = PBXSourcesBuildPhase;
			buildActionMask = 2147483647;
			files = (
				CA94986323EDAE4700E5A280 /* MergeList.c in Sources */,
				CAA5061023EB0F670013C97D /* main.m in Sources */,
				CAA5061823EB0FA50013C97D /* PublicClass.m in Sources */,
				CAA5061B23EC69EA0013C97D /* ArrayQuestion.c in Sources */,
			);
			runOnlyForDeploymentPostprocessing = 0;
		};
/* End PBXSourcesBuildPhase section */

/* Begin XCBuildConfiguration section */
		CAA5061123EB0F670013C97D /* Debug */ = {
			isa = XCBuildConfiguration;
			buildSettings = {
				ALWAYS_SEARCH_USER_PATHS = NO;
				CLANG_ANALYZER_NONNULL = YES;
				CLANG_ANALYZER_NUMBER_OBJECT_CONVERSION = YES_AGGRESSIVE;
				CLANG_CXX_LANGUAGE_STANDARD = "gnu++14";
				CLANG_CXX_LIBRARY = "libc++";
				CLANG_ENABLE_MODULES = YES;
				CLANG_ENABLE_OBJC_ARC = YES;
				CLANG_ENABLE_OBJC_WEAK = YES;
				CLANG_WARN_BLOCK_CAPTURE_AUTORELEASING = YES;
				CLANG_WARN_BOOL_CONVERSION = YES;
				CLANG_WARN_COMMA = YES;
				CLANG_WARN_CONSTANT_CONVERSION = YES;
				CLANG_WARN_DEPRECATED_OBJC_IMPLEMENTATIONS = YES;
				CLANG_WARN_DIRECT_OBJC_ISA_USAGE = YES_ERROR;
				CLANG_WARN_DOCUMENTATION_COMMENTS = YES;
				CLANG_WARN_EMPTY_BODY = YES;
				CLANG_WARN_ENUM_CONVERSION = YES;
				CLANG_WARN_INFINITE_RECURSION = YES;
				CLANG_WARN_INT_CONVERSION = YES;
				CLANG_WARN_NON_LITERAL_NULL_CONVERSION = YES;
				CLANG_WARN_OBJC_IMPLICIT_RETAIN_SELF = YES;
				CLANG_WARN_OBJC_LITERAL_CONVERSION = YES;
				CLANG_WARN_OBJC_ROOT_CLASS = YES_ERROR;
				CLANG_WARN_RANGE_LOOP_ANALYSIS = YES;
				CLANG_WARN_STRICT_PROTOTYPES = YES;
				CLANG_WARN_SUSPICIOUS_MOVE = YES;
				CLANG_WARN_UNGUARDED_AVAILABILITY = YES_AGGRESSIVE;
				CLANG_WARN_UNREACHABLE_CODE = YES;
				CLANG_WARN__DUPLICATE_METHOD_MATCH = YES;
				CODE_SIGN_IDENTITY = "-";
				COPY_PHASE_STRIP = NO;
				DEBUG_INFORMATION_FORMAT = dwarf;
				ENABLE_STRICT_OBJC_MSGSEND = YES;
				ENABLE_TESTABILITY = YES;
				GCC_C_LANGUAGE_STANDARD = gnu11;
				GCC_DYNAMIC_NO_PIC = NO;
				GCC_NO_COMMON_BLOCKS = YES;
				GCC_OPTIMIZATION_LEVEL = 0;
				GCC_PREPROCESSOR_DEFINITIONS = (
					"DEBUG=1",
					"$(inherited)",
				);
				GCC_WARN_64_TO_32_BIT_CONVERSION = YES;
				GCC_WARN_ABOUT_RETURN_TYPE = YES_ERROR;
				GCC_WARN_UNDECLARED_SELECTOR = YES;
				GCC_WARN_UNINITIALIZED_AUTOS = YES_AGGRESSIVE;
				GCC_WARN_UNUSED_FUNCTION = YES;
				GCC_WARN_UNUSED_VARIABLE = YES;
				MACOSX_DEPLOYMENT_TARGET = 10.14;
				MTL_ENABLE_DEBUG_INFO = INCLUDE_SOURCE;
				MTL_FAST_MATH = YES;
				ONLY_ACTIVE_ARCH = YES;
				SDKROOT = macosx;
			};
			name = Debug;
		};
		CAA5061223EB0F670013C97D /* Release */ = {
			isa = XCBuildConfiguration;
			buildSettings = {
				ALWAYS_SEARCH_USER_PATHS = NO;
				CLANG_ANALYZER_NONNULL = YES;
				CLANG_ANALYZER_NUMBER_OBJECT_CONVERSION = YES_AGGRESSIVE;
				CLANG_CXX_LANGUAGE_STANDARD = "gnu++14";
				CLANG_CXX_LIBRARY = "libc++";
				CLANG_ENABLE_MODULES = YES;
				CLANG_ENABLE_OBJC_ARC = YES;
				CLANG_ENABLE_OBJC_WEAK = YES;
				CLANG_WARN_BLOCK_CAPTURE_AUTORELEASING = YES;
				CLANG_WARN_BOOL_CONVERSION = YES;
				CLANG_WARN_COMMA = YES;
				CLANG_WARN_CONSTANT_CONVERSION = YES;
				CLANG_WARN_DEPRECATED_OBJC_IMPLEMENTATIONS = YES;
				CLANG_WARN_DIRECT_OBJC_ISA_USAGE = YES_ERROR;
				CLANG_WARN_DOCUMENTATION_COMMENTS = YES;
				CLANG_WARN_EMPTY_BODY = YES;
				CLANG_WARN_ENUM_CONVERSION = YES;
				CLANG_WARN_INFINITE_RECURSION = YES;
				CLANG_WARN_INT_CONVERSION = YES;
				CLANG_WARN_NON_LITERAL_NULL_CONVERSION = YES;
				CLANG_WARN_OBJC_IMPLICIT_RETAIN_SELF = YES;
				CLANG_WARN_OBJC_LITERAL_CONVERSION = YES;
				CLANG_WARN_OBJC_ROOT_CLASS = YES_ERROR;
				CLANG_WARN_RANGE_LOOP_ANALYSIS = YES;
				CLANG_WARN_STRICT_PROTOTYPES = YES;
				CLANG_WARN_SUSPICIOUS_MOVE = YES;
				CLANG_WARN_UNGUARDED_AVAILABILITY = YES_AGGRESSIVE;
				CLANG_WARN_UNREACHABLE_CODE = YES;
				CLANG_WARN__DUPLICATE_METHOD_MATCH = YES;
				CODE_SIGN_IDENTITY = "-";
				COPY_PHASE_STRIP = NO;
				DEBUG_INFORMATION_FORMAT = "dwarf-with-dsym";
				ENABLE_NS_ASSERTIONS = NO;
				ENABLE_STRICT_OBJC_MSGSEND = YES;
				GCC_C_LANGUAGE_STANDARD = gnu11;
				GCC_NO_COMMON_BLOCKS = YES;
				GCC_WARN_64_TO_32_BIT_CONVERSION = YES;
				GCC_WARN_ABOUT_RETURN_TYPE = YES_ERROR;
				GCC_WARN_UNDECLARED_SELECTOR = YES;
				GCC_WARN_UNINITIALIZED_AUTOS = YES_AGGRESSIVE;
				GCC_WARN_UNUSED_FUNCTION = YES;
				GCC_WARN_UNUSED_VARIABLE = YES;
				MACOSX_DEPLOYMENT_TARGET = 10.14;
				MTL_ENABLE_DEBUG_INFO = NO;
				MTL_FAST_MATH = YES;
				SDKROOT = macosx;
			};
			name = Release;
		};
		CAA5061423EB0F670013C97D /* Debug */ = {
			isa = XCBuildConfiguration;
			buildSettings = {
				CODE_SIGN_STYLE = Automatic;
				PRODUCT_NAME = "$(TARGET_NAME)";
			};
			name = Debug;
		};
		CAA5061523EB0F670013C97D /* Release */ = {
			isa = XCBuildConfiguration;
			buildSettings = {
				CODE_SIGN_STYLE = Automatic;
				PRODUCT_NAME = "$(TARGET_NAME)";
			};
			name = Release;
		};
/* End XCBuildConfiguration section */

/* Begin XCConfigurationList section */
		CAA5060723EB0F670013C97D /* Build configuration list for PBXProject "LeetCodeQuestion" */ = {
			isa = XCConfigurationList;
			buildConfigurations = (
				CAA5061123EB0F670013C97D /* Debug */,
				CAA5061223EB0F670013C97D /* Release */,
			);
			defaultConfigurationIsVisible = 0;
			defaultConfigurationName = Release;
		};
		CAA5061323EB0F670013C97D /* Build configuration list for PBXNativeTarget "LeetCodeQuestion" */ = {
			isa = XCConfigurationList;
			buildConfigurations = (
				CAA5061423EB0F670013C97D /* Debug */,
				CAA5061523EB0F670013C97D /* Release */,
			);
			defaultConfigurationIsVisible = 0;
			defaultConfigurationName = Release;
		};
/* End XCConfigurationList section */
	};
	rootObject = CAA5060423EB0F670013C97D /* Project object */;
}
